
Microsoft Visual Studio Solution File, Format Version 12.00
# Visual Studio Version 17
VisualStudioVersion = 17.9.34723.18
MinimumVisualStudioVersion = 10.0.40219.1
Project("{FAE04EC0-301F-11D3-BF4B-00C04F79EFBC}") = "ImageGetText", "ImageGetText\ImageGetText.csproj", "{646FDB5A-56A5-4FA7-998B-206C67463B2D}"
EndProject
Global
	GlobalSection(SolutionConfigurationPlatforms) = preSolution
		Debug|Any CPU = Debug|Any CPU
		Release|Any CPU = Release|Any CPU
	EndGlobalSection
	GlobalSection(ProjectConfigurationPlatforms) = postSolution
		{646FDB5A-56A5-4FA7-998B-206C67463B2D}.Debug|Any CPU.ActiveCfg = Debug|Any CPU
		{646FDB5A-56A5-4FA7-998B-206C67463B2D}.Debug|Any CPU.Build.0 = Debug|Any CPU
		{646FDB5A-56A5-4FA7-998B-206C67463B2D}.Release|Any CPU.ActiveCfg = Release|Any CPU
		{646FDB5A-56A5-4FA7-998B-206C67463B2D}.Release|Any CPU.Build.0 = Release|Any CPU
	EndGlobalSection
	GlobalSection(SolutionProperties) = preSolution
		HideSolutionNode = FALSE
	EndGlobalSection
	GlobalSection(ExtensibilityGlobals) = postSolution
		SolutionGuid = {06BD9F2F-0D42-4459-9E0E-C6798E443C6B}
	EndGlobalSection
EndGlobal
